
Microsoft Visual Studio Solution File, Format Version 12.00
# Visual Studio Version 17
VisualStudioVersion = 17.14.36518.9 d17.14
MinimumVisualStudioVersion = 10.0.40219.1
Project("{FAE04EC0-301F-11D3-BF4B-00C04F79EFBC}") = "Week2-Methods", "Week2-Methods\Week2-Methods.csproj", "{3B4CDCA2-DE48-471C-B6AE-145BDC4DD522}"
EndProject
Global
	GlobalSection(SolutionConfigurationPlatforms) = preSolution
		Debug|Any CPU = Debug|Any CPU
		Release|Any CPU = Release|Any CPU
	EndGlobalSection
	GlobalSection(ProjectConfigurationPlatforms) = postSolution
		{3B4CDCA2-DE48-471C-B6AE-145BDC4DD522}.Debug|Any CPU.ActiveCfg = Debug|Any CPU
		{3B4CDCA2-DE48-471C-B6AE-145BDC4DD522}.Debug|Any CPU.Build.0 = Debug|Any CPU
		{3B4CDCA2-DE48-471C-B6AE-145BDC4DD522}.Release|Any CPU.ActiveCfg = Release|Any CPU
		{3B4CDCA2-DE48-471C-B6AE-145BDC4DD522}.Release|Any CPU.Build.0 = Release|Any CPU
	EndGlobalSection
	GlobalSection(SolutionProperties) = preSolution
		HideSolutionNode = FALSE
	EndGlobalSection
	GlobalSection(ExtensibilityGlobals) = postSolution
		SolutionGuid = {3AD44F55-3100-4284-B593-88F20C78E06E}
	EndGlobalSection
EndGlobal
